
Microsoft Visual Studio Solution File, Format Version 12.00
# Visual Studio Version 17
VisualStudioVersion = 17.2.32526.322
MinimumVisualStudioVersion = 10.0.40219.1
Project("{9A19103F-16F7-4668-BE54-9A1E7A4F7556}") = "PC Game Pass Notifier AWS Lambda", "PC Game Pass Notifier AWS Lambda\PC Game Pass Notifier AWS Lambda.csproj", "{520C19CE-B1AD-463C-AE67-C1FA98685DD2}"
EndProject
Project("{2150E333-8FDC-42A3-9474-1A3956D46DE8}") = "Solution Items", "Solution Items", "{9501C47C-003D-4C7D-8E36-D4A15E2B955A}"
	ProjectSection(SolutionItems) = preProject
		.editorconfig = .editorconfig
	EndProjectSection
EndProject
Project("{FAE04EC0-301F-11D3-BF4B-00C04F79EFBC}") = "PC_Game_Pass_Notifier_Tests", "PC_Game_Pass_Notifier_Tests\PC_Game_Pass_Notifier_Tests.csproj", "{873B01D2-98DE-4FAB-890B-266247AD9E29}"
EndProject
Global
	GlobalSection(SolutionConfigurationPlatforms) = preSolution
		Debug|Any CPU = Debug|Any CPU
		Release|Any CPU = Release|Any CPU
	EndGlobalSection
	GlobalSection(ProjectConfigurationPlatforms) = postSolution
		{520C19CE-B1AD-463C-AE67-C1FA98685DD2}.Debug|Any CPU.ActiveCfg = Debug|Any CPU
		{520C19CE-B1AD-463C-AE67-C1FA98685DD2}.Debug|Any CPU.Build.0 = Debug|Any CPU
		{520C19CE-B1AD-463C-AE67-C1FA98685DD2}.Release|Any CPU.ActiveCfg = Release|Any CPU
		{520C19CE-B1AD-463C-AE67-C1FA98685DD2}.Release|Any CPU.Build.0 = Release|Any CPU
		{873B01D2-98DE-4FAB-890B-266247AD9E29}.Debug|Any CPU.ActiveCfg = Debug|Any CPU
		{873B01D2-98DE-4FAB-890B-266247AD9E29}.Debug|Any CPU.Build.0 = Debug|Any CPU
		{873B01D2-98DE-4FAB-890B-266247AD9E29}.Release|Any CPU.ActiveCfg = Release|Any CPU
		{873B01D2-98DE-4FAB-890B-266247AD9E29}.Release|Any CPU.Build.0 = Release|Any CPU
	EndGlobalSection
	GlobalSection(SolutionProperties) = preSolution
		HideSolutionNode = FALSE
	EndGlobalSection
	GlobalSection(ExtensibilityGlobals) = postSolution
		SolutionGuid = {3C9CDB13-6916-479E-BA96-34611B9AB7AD}
	EndGlobalSection
EndGlobal
